
Microsoft Visual Studio Solution File, Format Version 12.00
# Visual Studio Version 18
VisualStudioVersion = 18.0.11222.15
MinimumVisualStudioVersion = 10.0.40219.1
Project("{FAE04EC0-301F-11D3-BF4B-00C04F79EFBC}") = "Adapter", "Adapter\Adapter.csproj", "{C57FD8B1-6748-4CE6-B46E-EF68E56C18C6}"
EndProject
Project("{FAE04EC0-301F-11D3-BF4B-00C04F79EFBC}") = "Factory", "Factory\Factory.csproj", "{6D26C57A-B8C4-4B26-A953-02C48FD9301C}"
EndProject
Project("{FAE04EC0-301F-11D3-BF4B-00C04F79EFBC}") = "Bridge", "Bridge\Bridge.csproj", "{D2A69C95-3556-48DF-9595-CD6933DA6CEE}"
EndProject
Project("{FAE04EC0-301F-11D3-BF4B-00C04F79EFBC}") = "AbstractFactory", "AbstractFactory\AbstractFactory.csproj", "{0F3E8D3B-87BA-4AEC-8EC5-69480D754291}"
EndProject
Project("{FAE04EC0-301F-11D3-BF4B-00C04F79EFBC}") = "Builder", "Builder\Builder.csproj", "{F14680EB-42AB-4CA5-AD3D-E64F3A93ACC5}"
EndProject
Project("{FAE04EC0-301F-11D3-BF4B-00C04F79EFBC}") = "BuilderNested", "BuilderNested\BuilderNested.csproj", "{94A01E1B-8741-4B8C-BE71-503E4EF2890E}"
EndProject
Project("{FAE04EC0-301F-11D3-BF4B-00C04F79EFBC}") = "BuilderFluent", "BuilderFluent\BuilderFluent.csproj", "{E9161839-9CD0-4AE4-AC51-E04B832C4D39}"
EndProject
Project("{FAE04EC0-301F-11D3-BF4B-00C04F79EFBC}") = "BuilderInner", "BuilderInner\BuilderInner.csproj", "{3722B0C3-BB5A-4CD9-8B06-5D8BD82EC6AB}"
EndProject
Project("{2150E333-8FDC-42A3-9474-1A3956D46DE8}") = "BuilderPattern", "BuilderPattern", "{6BC3FA99-CE9B-4EA7-9481-4DD218BAA9F9}"
EndProject
Project("{2150E333-8FDC-42A3-9474-1A3956D46DE8}") = "BridgePattern", "BridgePattern", "{153F1D7C-BDF3-49B5-9B1C-12290C4DFBFC}"
EndProject
Project("{2150E333-8FDC-42A3-9474-1A3956D46DE8}") = "AdapterPattern", "AdapterPattern", "{9EC01DE1-E932-45F1-BC0A-8292BF294FE9}"
EndProject
Project("{2150E333-8FDC-42A3-9474-1A3956D46DE8}") = "FactoryPattern", "FactoryPattern", "{53B855AA-61E2-4B6D-9E5E-4E8DA63CA829}"
EndProject
Global
	GlobalSection(SolutionConfigurationPlatforms) = preSolution
		Debug|Any CPU = Debug|Any CPU
		Release|Any CPU = Release|Any CPU
	EndGlobalSection
	GlobalSection(ProjectConfigurationPlatforms) = postSolution
		{C57FD8B1-6748-4CE6-B46E-EF68E56C18C6}.Debug|Any CPU.ActiveCfg = Debug|Any CPU
		{C57FD8B1-6748-4CE6-B46E-EF68E56C18C6}.Debug|Any CPU.Build.0 = Debug|Any CPU
		{C57FD8B1-6748-4CE6-B46E-EF68E56C18C6}.Release|Any CPU.ActiveCfg = Release|Any CPU
		{C57FD8B1-6748-4CE6-B46E-EF68E56C18C6}.Release|Any CPU.Build.0 = Release|Any CPU
		{6D26C57A-B8C4-4B26-A953-02C48FD9301C}.Debug|Any CPU.ActiveCfg = Debug|Any CPU
		{6D26C57A-B8C4-4B26-A953-02C48FD9301C}.Debug|Any CPU.Build.0 = Debug|Any CPU
		{6D26C57A-B8C4-4B26-A953-02C48FD9301C}.Release|Any CPU.ActiveCfg = Release|Any CPU
		{6D26C57A-B8C4-4B26-A953-02C48FD9301C}.Release|Any CPU.Build.0 = Release|Any CPU
		{D2A69C95-3556-48DF-9595-CD6933DA6CEE}.Debug|Any CPU.ActiveCfg = Debug|Any CPU
		{D2A69C95-3556-48DF-9595-CD6933DA6CEE}.Debug|Any CPU.Build.0 = Debug|Any CPU
		{D2A69C95-3556-48DF-9595-CD6933DA6CEE}.Release|Any CPU.ActiveCfg = Release|Any CPU
		{D2A69C95-3556-48DF-9595-CD6933DA6CEE}.Release|Any CPU.Build.0 = Release|Any CPU
		{0F3E8D3B-87BA-4AEC-8EC5-69480D754291}.Debug|Any CPU.ActiveCfg = Debug|Any CPU
		{0F3E8D3B-87BA-4AEC-8EC5-69480D754291}.Debug|Any CPU.Build.0 = Debug|Any CPU
		{0F3E8D3B-87BA-4AEC-8EC5-69480D754291}.Release|Any CPU.ActiveCfg = Release|Any CPU
		{0F3E8D3B-87BA-4AEC-8EC5-69480D754291}.Release|Any CPU.Build.0 = Release|Any CPU
		{F14680EB-42AB-4CA5-AD3D-E64F3A93ACC5}.Debug|Any CPU.ActiveCfg = Debug|Any CPU
		{F14680EB-42AB-4CA5-AD3D-E64F3A93ACC5}.Debug|Any CPU.Build.0 = Debug|Any CPU
		{F14680EB-42AB-4CA5-AD3D-E64F3A93ACC5}.Release|Any CPU.ActiveCfg = Release|Any CPU
		{F14680EB-42AB-4CA5-AD3D-E64F3A93ACC5}.Release|Any CPU.Build.0 = Release|Any CPU
		{94A01E1B-8741-4B8C-BE71-503E4EF2890E}.Debug|Any CPU.ActiveCfg = Debug|Any CPU
		{94A01E1B-8741-4B8C-BE71-503E4EF2890E}.Debug|Any CPU.Build.0 = Debug|Any CPU
		{94A01E1B-8741-4B8C-BE71-503E4EF2890E}.Release|Any CPU.ActiveCfg = Release|Any CPU
		{94A01E1B-8741-4B8C-BE71-503E4EF2890E}.Release|Any CPU.Build.0 = Release|Any CPU
		{E9161839-9CD0-4AE4-AC51-E04B832C4D39}.Debug|Any CPU.ActiveCfg = Debug|Any CPU
		{E9161839-9CD0-4AE4-AC51-E04B832C4D39}.Debug|Any CPU.Build.0 = Debug|Any CPU
		{E9161839-9CD0-4AE4-AC51-E04B832C4D39}.Release|Any CPU.ActiveCfg = Release|Any CPU
		{E9161839-9CD0-4AE4-AC51-E04B832C4D39}.Release|Any CPU.Build.0 = Release|Any CPU
		{3722B0C3-BB5A-4CD9-8B06-5D8BD82EC6AB}.Debug|Any CPU.ActiveCfg = Debug|Any CPU
		{3722B0C3-BB5A-4CD9-8B06-5D8BD82EC6AB}.Debug|Any CPU.Build.0 = Debug|Any CPU
		{3722B0C3-BB5A-4CD9-8B06-5D8BD82EC6AB}.Release|Any CPU.ActiveCfg = Release|Any CPU
		{3722B0C3-BB5A-4CD9-8B06-5D8BD82EC6AB}.Release|Any CPU.Build.0 = Release|Any CPU
	EndGlobalSection
	GlobalSection(SolutionProperties) = preSolution
		HideSolutionNode = FALSE
	EndGlobalSection
	GlobalSection(NestedProjects) = preSolution
		{C57FD8B1-6748-4CE6-B46E-EF68E56C18C6} = {9EC01DE1-E932-45F1-BC0A-8292BF294FE9}
		{6D26C57A-B8C4-4B26-A953-02C48FD9301C} = {53B855AA-61E2-4B6D-9E5E-4E8DA63CA829}
		{D2A69C95-3556-48DF-9595-CD6933DA6CEE} = {153F1D7C-BDF3-49B5-9B1C-12290C4DFBFC}
		{0F3E8D3B-87BA-4AEC-8EC5-69480D754291} = {53B855AA-61E2-4B6D-9E5E-4E8DA63CA829}
		{F14680EB-42AB-4CA5-AD3D-E64F3A93ACC5} = {6BC3FA99-CE9B-4EA7-9481-4DD218BAA9F9}
		{94A01E1B-8741-4B8C-BE71-503E4EF2890E} = {6BC3FA99-CE9B-4EA7-9481-4DD218BAA9F9}
		{E9161839-9CD0-4AE4-AC51-E04B832C4D39} = {6BC3FA99-CE9B-4EA7-9481-4DD218BAA9F9}
		{3722B0C3-BB5A-4CD9-8B06-5D8BD82EC6AB} = {6BC3FA99-CE9B-4EA7-9481-4DD218BAA9F9}
	EndGlobalSection
	GlobalSection(ExtensibilityGlobals) = postSolution
		SolutionGuid = {6456D642-8BE5-4619-8075-42C31F667FE3}
	EndGlobalSection
EndGlobal
